
Microsoft Visual Studio Solution File, Format Version 12.00
# Visual Studio 15
VisualStudioVersion = 15.0.28307.421
MinimumVisualStudioVersion = 10.0.40219.1
Project("{FAE04EC0-301F-11D3-BF4B-00C04F79EFBC}") = "Project_Duplikat", "Project_Duplikat\Project_Duplikat.csproj", "{65BE7B62-E1DC-4352-8297-F786C3AC46C6}"
EndProject
Global
	GlobalSection(SolutionConfigurationPlatforms) = preSolution
		Debug|Any CPU = Debug|Any CPU
		Release|Any CPU = Release|Any CPU
	EndGlobalSection
	GlobalSection(ProjectConfigurationPlatforms) = postSolution
		{65BE7B62-E1DC-4352-8297-F786C3AC46C6}.Debug|Any CPU.ActiveCfg = Debug|Any CPU
		{65BE7B62-E1DC-4352-8297-F786C3AC46C6}.Debug|Any CPU.Build.0 = Debug|Any CPU
		{65BE7B62-E1DC-4352-8297-F786C3AC46C6}.Release|Any CPU.ActiveCfg = Release|Any CPU
		{65BE7B62-E1DC-4352-8297-F786C3AC46C6}.Release|Any CPU.Build.0 = Release|Any CPU
	EndGlobalSection
	GlobalSection(SolutionProperties) = preSolution
		HideSolutionNode = FALSE
	EndGlobalSection
	GlobalSection(ExtensibilityGlobals) = postSolution
		SolutionGuid = {81E01695-BBAB-45FA-9280-FD48D6662BD2}
	EndGlobalSection
EndGlobal
